
Microsoft Visual Studio Solution File, Format Version 12.00
# Visual Studio Version 17
VisualStudioVersion = 17.0.32112.339
MinimumVisualStudioVersion = 10.0.40219.1
Project("{FAE04EC0-301F-11D3-BF4B-00C04F79EFBC}") = "NvrOrganizer.UI", "NvrOrganizer.UI.csproj", "{B79172F0-F40C-453B-9062-266702742227}"
EndProject
Project("{FAE04EC0-301F-11D3-BF4B-00C04F79EFBC}") = "NvrOrganizer.DataAccess", "..\NvrOrganizer.DataAccess\NvrOrganizer.DataAccess.csproj", "{628003BD-70D2-4A10-9A19-C996A7620E9A}"
EndProject
Project("{FAE04EC0-301F-11D3-BF4B-00C04F79EFBC}") = "NvrOrganizer.Model", "..\NvrOrganizer.Model\NvrOrganizer.Model.csproj", "{0AF81BA8-048E-4A07-97BD-0CCEE73992D1}"
EndProject
Global
	GlobalSection(SolutionConfigurationPlatforms) = preSolution
		Debug|Any CPU = Debug|Any CPU
		Release|Any CPU = Release|Any CPU
	EndGlobalSection
	GlobalSection(ProjectConfigurationPlatforms) = postSolution
		{B79172F0-F40C-453B-9062-266702742227}.Debug|Any CPU.ActiveCfg = Debug|Any CPU
		{B79172F0-F40C-453B-9062-266702742227}.Debug|Any CPU.Build.0 = Debug|Any CPU
		{B79172F0-F40C-453B-9062-266702742227}.Release|Any CPU.ActiveCfg = Release|Any CPU
		{B79172F0-F40C-453B-9062-266702742227}.Release|Any CPU.Build.0 = Release|Any CPU
		{628003BD-70D2-4A10-9A19-C996A7620E9A}.Debug|Any CPU.ActiveCfg = Debug|Any CPU
		{628003BD-70D2-4A10-9A19-C996A7620E9A}.Debug|Any CPU.Build.0 = Debug|Any CPU
		{628003BD-70D2-4A10-9A19-C996A7620E9A}.Release|Any CPU.ActiveCfg = Release|Any CPU
		{628003BD-70D2-4A10-9A19-C996A7620E9A}.Release|Any CPU.Build.0 = Release|Any CPU
		{0AF81BA8-048E-4A07-97BD-0CCEE73992D1}.Debug|Any CPU.ActiveCfg = Debug|Any CPU
		{0AF81BA8-048E-4A07-97BD-0CCEE73992D1}.Debug|Any CPU.Build.0 = Debug|Any CPU
		{0AF81BA8-048E-4A07-97BD-0CCEE73992D1}.Release|Any CPU.ActiveCfg = Release|Any CPU
		{0AF81BA8-048E-4A07-97BD-0CCEE73992D1}.Release|Any CPU.Build.0 = Release|Any CPU
	EndGlobalSection
	GlobalSection(SolutionProperties) = preSolution
		HideSolutionNode = FALSE
	EndGlobalSection
	GlobalSection(ExtensibilityGlobals) = postSolution
		SolutionGuid = {6091A20A-94B3-4270-A237-7670501C72CF}
	EndGlobalSection
EndGlobal
